
Microsoft Visual Studio Solution File, Format Version 12.00
# Visual Studio Version 17
VisualStudioVersion = 17.0.31903.59
MinimumVisualStudioVersion = 10.0.40219.1
Project("{FAE04EC0-301F-11D3-BF4B-00C04F79EFBC}") = "Ez.Handball.Shared", "Ez.Handball.Shared\Ez.Handball.Shared.csproj", "{EF4AD577-E7AC-4512-A3CD-82D49EEAA3C9}"
EndProject
Project("{FAE04EC0-301F-11D3-BF4B-00C04F79EFBC}") = "Ez.Handball.Ingestion", "Ez.Handball.Ingestion\Ez.Handball.Ingestion.csproj", "{36119B4D-7E84-468A-8DAD-69F02F816CFA}"
EndProject
Project("{FAE04EC0-301F-11D3-BF4B-00C04F79EFBC}") = "Ez.Handball.Tests", "Ez.Handball.Tests\Ez.Handball.Tests.csproj", "{6FA06DF7-8755-4509-84DD-27A35F4DDD45}"
EndProject
Project("{FAE04EC0-301F-11D3-BF4B-00C04F79EFBC}") = "Ez.Handball.Api", "Ez.Handball.Api\Ez.Handball.Api.csproj", "{BBE9FF00-E285-46DB-B774-9DD72582EBDE}"
EndProject
Project("{FAE04EC0-301F-11D3-BF4B-00C04F79EFBC}") = "Ez.Handball.Domain", "Ez.Handball.Domain\Ez.Handball.Domain.csproj", "{82CF54CB-A4E3-4E69-BB4B-EA3EA785920E}"
EndProject
Project("{FAE04EC0-301F-11D3-BF4B-00C04F79EFBC}") = "Ez.Handball.Application", "Ez.Handball.Application\Ez.Handball.Application.csproj", "{E77BB19F-12A6-4530-9926-FB7499FD23FF}"
EndProject
Project("{FAE04EC0-301F-11D3-BF4B-00C04F79EFBC}") = "Ez.Handball.Infrastructure", "Ez.Handball.Infrastructure\Ez.Handball.Infrastructure.csproj", "{BF3A5E27-3C1C-4C0D-A629-B35F35792FC3}"
EndProject
Global
	GlobalSection(SolutionConfigurationPlatforms) = preSolution
		Debug|Any CPU = Debug|Any CPU
		Debug|x64 = Debug|x64
		Debug|x86 = Debug|x86
		Release|Any CPU = Release|Any CPU
		Release|x64 = Release|x64
		Release|x86 = Release|x86
	EndGlobalSection
	GlobalSection(ProjectConfigurationPlatforms) = postSolution
		{EF4AD577-E7AC-4512-A3CD-82D49EEAA3C9}.Debug|Any CPU.ActiveCfg = Debug|Any CPU
		{EF4AD577-E7AC-4512-A3CD-82D49EEAA3C9}.Debug|Any CPU.Build.0 = Debug|Any CPU
		{EF4AD577-E7AC-4512-A3CD-82D49EEAA3C9}.Debug|x64.ActiveCfg = Debug|Any CPU
		{EF4AD577-E7AC-4512-A3CD-82D49EEAA3C9}.Debug|x64.Build.0 = Debug|Any CPU
		{EF4AD577-E7AC-4512-A3CD-82D49EEAA3C9}.Debug|x86.ActiveCfg = Debug|Any CPU
		{EF4AD577-E7AC-4512-A3CD-82D49EEAA3C9}.Debug|x86.Build.0 = Debug|Any CPU
		{EF4AD577-E7AC-4512-A3CD-82D49EEAA3C9}.Release|Any CPU.ActiveCfg = Release|Any CPU
		{EF4AD577-E7AC-4512-A3CD-82D49EEAA3C9}.Release|Any CPU.Build.0 = Release|Any CPU
		{EF4AD577-E7AC-4512-A3CD-82D49EEAA3C9}.Release|x64.ActiveCfg = Release|Any CPU
		{EF4AD577-E7AC-4512-A3CD-82D49EEAA3C9}.Release|x64.Build.0 = Release|Any CPU
		{EF4AD577-E7AC-4512-A3CD-82D49EEAA3C9}.Release|x86.ActiveCfg = Release|Any CPU
		{EF4AD577-E7AC-4512-A3CD-82D49EEAA3C9}.Release|x86.Build.0 = Release|Any CPU
		{36119B4D-7E84-468A-8DAD-69F02F816CFA}.Debug|Any CPU.ActiveCfg = Debug|Any CPU
		{36119B4D-7E84-468A-8DAD-69F02F816CFA}.Debug|Any CPU.Build.0 = Debug|Any CPU
		{36119B4D-7E84-468A-8DAD-69F02F816CFA}.Debug|x64.ActiveCfg = Debug|Any CPU
		{36119B4D-7E84-468A-8DAD-69F02F816CFA}.Debug|x64.Build.0 = Debug|Any CPU
		{36119B4D-7E84-468A-8DAD-69F02F816CFA}.Debug|x86.ActiveCfg = Debug|Any CPU
		{36119B4D-7E84-468A-8DAD-69F02F816CFA}.Debug|x86.Build.0 = Debug|Any CPU
		{36119B4D-7E84-468A-8DAD-69F02F816CFA}.Release|Any CPU.ActiveCfg = Release|Any CPU
		{36119B4D-7E84-468A-8DAD-69F02F816CFA}.Release|Any CPU.Build.0 = Release|Any CPU
		{36119B4D-7E84-468A-8DAD-69F02F816CFA}.Release|x64.ActiveCfg = Release|Any CPU
		{36119B4D-7E84-468A-8DAD-69F02F816CFA}.Release|x64.Build.0 = Release|Any CPU
		{36119B4D-7E84-468A-8DAD-69F02F816CFA}.Release|x86.ActiveCfg = Release|Any CPU
		{36119B4D-7E84-468A-8DAD-69F02F816CFA}.Release|x86.Build.0 = Release|Any CPU
		{6FA06DF7-8755-4509-84DD-27A35F4DDD45}.Debug|Any CPU.ActiveCfg = Debug|Any CPU
		{6FA06DF7-8755-4509-84DD-27A35F4DDD45}.Debug|Any CPU.Build.0 = Debug|Any CPU
		{6FA06DF7-8755-4509-84DD-27A35F4DDD45}.Debug|x64.ActiveCfg = Debug|Any CPU
		{6FA06DF7-8755-4509-84DD-27A35F4DDD45}.Debug|x64.Build.0 = Debug|Any CPU
		{6FA06DF7-8755-4509-84DD-27A35F4DDD45}.Debug|x86.ActiveCfg = Debug|Any CPU
		{6FA06DF7-8755-4509-84DD-27A35F4DDD45}.Debug|x86.Build.0 = Debug|Any CPU
		{6FA06DF7-8755-4509-84DD-27A35F4DDD45}.Release|Any CPU.ActiveCfg = Release|Any CPU
		{6FA06DF7-8755-4509-84DD-27A35F4DDD45}.Release|Any CPU.Build.0 = Release|Any CPU
		{6FA06DF7-8755-4509-84DD-27A35F4DDD45}.Release|x64.ActiveCfg = Release|Any CPU
		{6FA06DF7-8755-4509-84DD-27A35F4DDD45}.Release|x64.Build.0 = Release|Any CPU
		{6FA06DF7-8755-4509-84DD-27A35F4DDD45}.Release|x86.ActiveCfg = Release|Any CPU
		{6FA06DF7-8755-4509-84DD-27A35F4DDD45}.Release|x86.Build.0 = Release|Any CPU
		{BBE9FF00-E285-46DB-B774-9DD72582EBDE}.Debug|Any CPU.ActiveCfg = Debug|Any CPU
		{BBE9FF00-E285-46DB-B774-9DD72582EBDE}.Debug|Any CPU.Build.0 = Debug|Any CPU
		{BBE9FF00-E285-46DB-B774-9DD72582EBDE}.Debug|x64.ActiveCfg = Debug|Any CPU
		{BBE9FF00-E285-46DB-B774-9DD72582EBDE}.Debug|x64.Build.0 = Debug|Any CPU
		{BBE9FF00-E285-46DB-B774-9DD72582EBDE}.Debug|x86.ActiveCfg = Debug|Any CPU
		{BBE9FF00-E285-46DB-B774-9DD72582EBDE}.Debug|x86.Build.0 = Debug|Any CPU
		{BBE9FF00-E285-46DB-B774-9DD72582EBDE}.Release|Any CPU.ActiveCfg = Release|Any CPU
		{BBE9FF00-E285-46DB-B774-9DD72582EBDE}.Release|Any CPU.Build.0 = Release|Any CPU
		{BBE9FF00-E285-46DB-B774-9DD72582EBDE}.Release|x64.ActiveCfg = Release|Any CPU
		{BBE9FF00-E285-46DB-B774-9DD72582EBDE}.Release|x64.Build.0 = Release|Any CPU
		{BBE9FF00-E285-46DB-B774-9DD72582EBDE}.Release|x86.ActiveCfg = Release|Any CPU
		{BBE9FF00-E285-46DB-B774-9DD72582EBDE}.Release|x86.Build.0 = Release|Any CPU
		{82CF54CB-A4E3-4E69-BB4B-EA3EA785920E}.Debug|Any CPU.ActiveCfg = Debug|Any CPU
		{82CF54CB-A4E3-4E69-BB4B-EA3EA785920E}.Debug|Any CPU.Build.0 = Debug|Any CPU
		{82CF54CB-A4E3-4E69-BB4B-EA3EA785920E}.Debug|x64.ActiveCfg = Debug|Any CPU
		{82CF54CB-A4E3-4E69-BB4B-EA3EA785920E}.Debug|x64.Build.0 = Debug|Any CPU
		{82CF54CB-A4E3-4E69-BB4B-EA3EA785920E}.Debug|x86.ActiveCfg = Debug|Any CPU
		{82CF54CB-A4E3-4E69-BB4B-EA3EA785920E}.Debug|x86.Build.0 = Debug|Any CPU
		{82CF54CB-A4E3-4E69-BB4B-EA3EA785920E}.Release|Any CPU.ActiveCfg = Release|Any CPU
		{82CF54CB-A4E3-4E69-BB4B-EA3EA785920E}.Release|Any CPU.Build.0 = Release|Any CPU
		{82CF54CB-A4E3-4E69-BB4B-EA3EA785920E}.Release|x64.ActiveCfg = Release|Any CPU
		{82CF54CB-A4E3-4E69-BB4B-EA3EA785920E}.Release|x64.Build.0 = Release|Any CPU
		{82CF54CB-A4E3-4E69-BB4B-EA3EA785920E}.Release|x86.ActiveCfg = Release|Any CPU
		{82CF54CB-A4E3-4E69-BB4B-EA3EA785920E}.Release|x86.Build.0 = Release|Any CPU
		{E77BB19F-12A6-4530-9926-FB7499FD23FF}.Debug|Any CPU.ActiveCfg = Debug|Any CPU
		{E77BB19F-12A6-4530-9926-FB7499FD23FF}.Debug|Any CPU.Build.0 = Debug|Any CPU
		{E77BB19F-12A6-4530-9926-FB7499FD23FF}.Debug|x64.ActiveCfg = Debug|Any CPU
		{E77BB19F-12A6-4530-9926-FB7499FD23FF}.Debug|x64.Build.0 = Debug|Any CPU
		{E77BB19F-12A6-4530-9926-FB7499FD23FF}.Debug|x86.ActiveCfg = Debug|Any CPU
		{E77BB19F-12A6-4530-9926-FB7499FD23FF}.Debug|x86.Build.0 = Debug|Any CPU
		{E77BB19F-12A6-4530-9926-FB7499FD23FF}.Release|Any CPU.ActiveCfg = Release|Any CPU
		{E77BB19F-12A6-4530-9926-FB7499FD23FF}.Release|Any CPU.Build.0 = Release|Any CPU
		{E77BB19F-12A6-4530-9926-FB7499FD23FF}.Release|x64.ActiveCfg = Release|Any CPU
		{E77BB19F-12A6-4530-9926-FB7499FD23FF}.Release|x64.Build.0 = Release|Any CPU
		{E77BB19F-12A6-4530-9926-FB7499FD23FF}.Release|x86.ActiveCfg = Release|Any CPU
		{E77BB19F-12A6-4530-9926-FB7499FD23FF}.Release|x86.Build.0 = Release|Any CPU
		{BF3A5E27-3C1C-4C0D-A629-B35F35792FC3}.Debug|Any CPU.ActiveCfg = Debug|Any CPU
		{BF3A5E27-3C1C-4C0D-A629-B35F35792FC3}.Debug|Any CPU.Build.0 = Debug|Any CPU
		{BF3A5E27-3C1C-4C0D-A629-B35F35792FC3}.Debug|x64.ActiveCfg = Debug|Any CPU
		{BF3A5E27-3C1C-4C0D-A629-B35F35792FC3}.Debug|x64.Build.0 = Debug|Any CPU
		{BF3A5E27-3C1C-4C0D-A629-B35F35792FC3}.Debug|x86.ActiveCfg = Debug|Any CPU
		{BF3A5E27-3C1C-4C0D-A629-B35F35792FC3}.Debug|x86.Build.0 = Debug|Any CPU
		{BF3A5E27-3C1C-4C0D-A629-B35F35792FC3}.Release|Any CPU.ActiveCfg = Release|Any CPU
		{BF3A5E27-3C1C-4C0D-A629-B35F35792FC3}.Release|Any CPU.Build.0 = Release|Any CPU
		{BF3A5E27-3C1C-4C0D-A629-B35F35792FC3}.Release|x64.ActiveCfg = Release|Any CPU
		{BF3A5E27-3C1C-4C0D-A629-B35F35792FC3}.Release|x64.Build.0 = Release|Any CPU
		{BF3A5E27-3C1C-4C0D-A629-B35F35792FC3}.Release|x86.ActiveCfg = Release|Any CPU
		{BF3A5E27-3C1C-4C0D-A629-B35F35792FC3}.Release|x86.Build.0 = Release|Any CPU
	EndGlobalSection
	GlobalSection(SolutionProperties) = preSolution
		HideSolutionNode = FALSE
	EndGlobalSection
EndGlobal
